// !$*UTF8*$!
{
	archiveVersion = 1;
	classes = {
	};
	objectVersion = 46;
	objects = {

/* Begin PBXBuildFile section */
		251BD86A18EC93FE00C8C75C /* quimicaViewController.m in Sources */ = {isa = PBXBuildFile; fileRef = 251BD86818EC93FE00C8C75C /* quimicaViewController.m */; };
		251BD86B18EC93FE00C8C75C /* quimicaViewController.xib in Resources */ = {isa = PBXBuildFile; fileRef = 251BD86918EC93FE00C8C75C /* quimicaViewController.xib */; };
		25CCD38818EDD8170000D1CD /* ArduinoWebservice.m in Sources */ = {isa = PBXBuildFile; fileRef = 25CCD38718EDD8170000D1CD /* ArduinoWebservice.m */; };
		25CCD38B18EDDD740000D1CD /* bio.png in Resources */ = {isa = PBXBuildFile; fileRef = 25CCD38918EDDD730000D1CD /* bio.png */; };
		25CCD38C18EDDD740000D1CD /* qui.png in Resources */ = {isa = PBXBuildFile; fileRef = 25CCD38A18EDDD740000D1CD /* qui.png */; };
		25CCD38E18EDDDAC0000D1CD /* fisica.png in Resources */ = {isa = PBXBuildFile; fileRef = 25CCD38D18EDDDAC0000D1CD /* fisica.png */; };
		25CCD39018EDE0780000D1CD /* blackboard.png in Resources */ = {isa = PBXBuildFile; fileRef = 25CCD38F18EDE0780000D1CD /* blackboard.png */; };
		25D23CD518F5BCF000BE0981 /* pause.png in Resources */ = {isa = PBXBuildFile; fileRef = 25D23CD218F5BCF000BE0981 /* pause.png */; };
		25D23CD618F5BCF000BE0981 /* play.png in Resources */ = {isa = PBXBuildFile; fileRef = 25D23CD318F5BCF000BE0981 /* play.png */; };
		25D23CD718F5BCF000BE0981 /* tutscience.png in Resources */ = {isa = PBXBuildFile; fileRef = 25D23CD418F5BCF000BE0981 /* tutscience.png */; };
		2903696518F463B000D593E3 /* bugbut.png in Resources */ = {isa = PBXBuildFile; fileRef = 2903696418F463B000D593E3 /* bugbut.png */; };
		294F52D818EDF6BB001EB661 /* ter.png in Resources */ = {isa = PBXBuildFile; fileRef = 294F52D718EDF6BB001EB661 /* ter.png */; };
		294F52DA18EDFC60001EB661 /* copo.png in Resources */ = {isa = PBXBuildFile; fileRef = 294F52D918EDFC60001EB661 /* copo.png */; };
		296E193C18E5EFB5005969F7 /* RNAppDelegate.m in Sources */ = {isa = PBXBuildFile; fileRef = 296E10A218E5EFAA005969F7 /* RNAppDelegate.m */; };
		296E193D18E5EFB5005969F7 /* SensoresViewController.m in Sources */ = {isa = PBXBuildFile; fileRef = 296E10A418E5EFAA005969F7 /* SensoresViewController.m */; };
		296E193E18E5EFB5005969F7 /* tempViewController.m in Sources */ = {isa = PBXBuildFile; fileRef = 296E10A618E5EFAA005969F7 /* tempViewController.m */; };
		296E193F18E5EFB5005969F7 /* ViewController.m in Sources */ = {isa = PBXBuildFile; fileRef = 296E10A818E5EFAA005969F7 /* ViewController.m */; };
		296E194018E5EFB5005969F7 /* PNBar.m in Sources */ = {isa = PBXBuildFile; fileRef = 296E10AD18E5EFAA005969F7 /* PNBar.m */; };
		296E194118E5EFB5005969F7 /* PNBarChart.m in Sources */ = {isa = PBXBuildFile; fileRef = 296E10AF18E5EFAA005969F7 /* PNBarChart.m */; };
		296E194218E5EFB5005969F7 /* PNChartLabel.m in Sources */ = {isa = PBXBuildFile; fileRef = 296E10B318E5EFAA005969F7 /* PNChartLabel.m */; };
		296E194318E5EFB5005969F7 /* PNCircleChart.m in Sources */ = {isa = PBXBuildFile; fileRef = 296E10B518E5EFAA005969F7 /* PNCircleChart.m */; };
		296E194418E5EFB5005969F7 /* PNColor.m in Sources */ = {isa = PBXBuildFile; fileRef = 296E10B718E5EFAA005969F7 /* PNColor.m */; };
		296E194518E5EFB5005969F7 /* PNLineChart.m in Sources */ = {isa = PBXBuildFile; fileRef = 296E10B918E5EFAA005969F7 /* PNLineChart.m */; };
		296E194618E5EFB5005969F7 /* PNLineChartData.m in Sources */ = {isa = PBXBuildFile; fileRef = 296E10BB18E5EFAA005969F7 /* PNLineChartData.m */; };
		296E194718E5EFB5005969F7 /* PNLineChartDataItem.m in Sources */ = {isa = PBXBuildFile; fileRef = 296E10BD18E5EFAA005969F7 /* PNLineChartDataItem.m */; };
		296E194818E5EFB5005969F7 /* UICountingLabel.m in Sources */ = {isa = PBXBuildFile; fileRef = 296E10BF18E5EFAA005969F7 /* UICountingLabel.m */; };
		296E194918E5EFB5005969F7 /* RNFrostedSidebar-Info.plist in Resources */ = {isa = PBXBuildFile; fileRef = 296E10C118E5EFAA005969F7 /* RNFrostedSidebar-Info.plist */; };
		296E194A18E5EFB5005969F7 /* RNFrostedSidebar.m in Sources */ = {isa = PBXBuildFile; fileRef = 296E10C418E5EFAA005969F7 /* RNFrostedSidebar.m */; };
		296E194B18E5EFB5005969F7 /* Images.xcassets in Resources */ = {isa = PBXBuildFile; fileRef = 296E10C518E5EFAA005969F7 /* Images.xcassets */; };
		296E194C18E5EFB5005969F7 /* main.m in Sources */ = {isa = PBXBuildFile; fileRef = 296E10C618E5EFAA005969F7 /* main.m */; };
		296E194D18E5EFB5005969F7 /* burger.png in Resources */ = {isa = PBXBuildFile; fileRef = 296E10C918E5EFAA005969F7 /* burger.png */; };
		296E194E18E5EFB5005969F7 /* burger@2x.png in Resources */ = {isa = PBXBuildFile; fileRef = 296E10CA18E5EFAA005969F7 /* burger@2x.png */; };
		296E194F18E5EFB5005969F7 /* click.gif in Resources */ = {isa = PBXBuildFile; fileRef = 296E10CB18E5EFAA005969F7 /* click.gif */; };
		296E195018E5EFB5005969F7 /* Default-568h@2x.png in Resources */ = {isa = PBXBuildFile; fileRef = 296E10CC18E5EFAA005969F7 /* Default-568h@2x.png */; };
		296E195118E5EFB5005969F7 /* Default.png in Resources */ = {isa = PBXBuildFile; fileRef = 296E10CD18E5EFAA005969F7 /* Default.png */; };
		296E195218E5EFB5005969F7 /* Default@2x.png in Resources */ = {isa = PBXBuildFile; fileRef = 296E10CE18E5EFAA005969F7 /* Default@2x.png */; };
		296E21A718E5EFB6005969F7 /* gear.png in Resources */ = {isa = PBXBuildFile; fileRef = 296E192C18E5EFB5005969F7 /* gear.png */; };
		296E21A818E5EFB6005969F7 /* gear@2x.png in Resources */ = {isa = PBXBuildFile; fileRef = 296E192D18E5EFB5005969F7 /* gear@2x.png */; };
		296E21A918E5EFB6005969F7 /* globe.png in Resources */ = {isa = PBXBuildFile; fileRef = 296E192E18E5EFB5005969F7 /* globe.png */; };
		296E21AA18E5EFB6005969F7 /* globe@2x.png in Resources */ = {isa = PBXBuildFile; fileRef = 296E192F18E5EFB5005969F7 /* globe@2x.png */; };
		296E21AB18E5EFB6005969F7 /* inspiracao.png in Resources */ = {isa = PBXBuildFile; fileRef = 296E193018E5EFB5005969F7 /* inspiracao.png */; };
		296E21AC18E5EFB6005969F7 /* open.gif in Resources */ = {isa = PBXBuildFile; fileRef = 296E193118E5EFB5005969F7 /* open.gif */; };
		296E21AD18E5EFB6005969F7 /* profile.png in Resources */ = {isa = PBXBuildFile; fileRef = 296E193218E5EFB5005969F7 /* profile.png */; };
		296E21AE18E5EFB6005969F7 /* profile@2x.png in Resources */ = {isa = PBXBuildFile; fileRef = 296E193318E5EFB5005969F7 /* profile@2x.png */; };
		296E21AF18E5EFB6005969F7 /* star.png in Resources */ = {isa = PBXBuildFile; fileRef = 296E193418E5EFB5005969F7 /* star.png */; };
		296E21B018E5EFB6005969F7 /* star@2x.png in Resources */ = {isa = PBXBuildFile; fileRef = 296E193518E5EFB5005969F7 /* star@2x.png */; };
		296E21B118E5EFB6005969F7 /* tum.png in Resources */ = {isa = PBXBuildFile; fileRef = 296E193618E5EFB5005969F7 /* tum.png */; };
		296E21B218E5EFB6005969F7 /* HeaderSensor.xib in Resources */ = {isa = PBXBuildFile; fileRef = 296E193818E5EFB5005969F7 /* HeaderSensor.xib */; };
		296E21B318E5EFB6005969F7 /* SensoresViewController.xib in Resources */ = {isa = PBXBuildFile; fileRef = 296E193918E5EFB5005969F7 /* SensoresViewController.xib */; };
		296E21B418E5EFB6005969F7 /* tempViewController.xib in Resources */ = {isa = PBXBuildFile; fileRef = 296E193A18E5EFB5005969F7 /* tempViewController.xib */; };
		296E21B518E5EFB6005969F7 /* ViewController.xib in Resources */ = {isa = PBXBuildFile; fileRef = 296E193B18E5EFB5005969F7 /* ViewController.xib */; };
		296E21C118E5F3B2005969F7 /* Single.m in Sources */ = {isa = PBXBuildFile; fileRef = 296E21BF18E5F3B2005969F7 /* Single.m */; };
		296E21C518E5F795005969F7 /* SDbar.m in Sources */ = {isa = PBXBuildFile; fileRef = 296E21C418E5F795005969F7 /* SDbar.m */; };
		296E21C918E6020E005969F7 /* PlanoViewController.m in Sources */ = {isa = PBXBuildFile; fileRef = 296E21C718E6020E005969F7 /* PlanoViewController.m */; };
		296E21CA18E6020E005969F7 /* PlanoViewController.xib in Resources */ = {isa = PBXBuildFile; fileRef = 296E21C818E6020E005969F7 /* PlanoViewController.xib */; };
		2981729718EC9FCD00A5AD6B /* Simulation.m in Sources */ = {isa = PBXBuildFile; fileRef = 2981729618EC9FCD00A5AD6B /* Simulation.m */; };
		8646016117BAF99800FCE7F4 /* Foundation.framework in Frameworks */ = {isa = PBXBuildFile; fileRef = 8646016017BAF99800FCE7F4 /* Foundation.framework */; };
		8646016317BAF99800FCE7F4 /* CoreGraphics.framework in Frameworks */ = {isa = PBXBuildFile; fileRef = 8646016217BAF99800FCE7F4 /* CoreGraphics.framework */; };
		8646016517BAF99800FCE7F4 /* UIKit.framework in Frameworks */ = {isa = PBXBuildFile; fileRef = 8646016417BAF99800FCE7F4 /* UIKit.framework */; };
		86D2CBF917CEAFE50098397C /* QuartzCore.framework in Frameworks */ = {isa = PBXBuildFile; fileRef = 862D1B2317BC2C9B00157004 /* QuartzCore.framework */; };
		86D2CBFA17CEAFE90098397C /* Accelerate.framework in Frameworks */ = {isa = PBXBuildFile; fileRef = 862D1B2517BC2CA000157004 /* Accelerate.framework */; };
		C069753E18F14EE400DB4924 /* Reachability.m in Sources */ = {isa = PBXBuildFile; fileRef = C069753D18F14EE400DB4924 /* Reachability.m */; };
		F725F1A718EE77BB00CAEB1C /* biologiaViewController.m in Sources */ = {isa = PBXBuildFile; fileRef = F725F1A518EE77BB00CAEB1C /* biologiaViewController.m */; };
		F725F1A818EE77BB00CAEB1C /* biologiaViewController.xib in Resources */ = {isa = PBXBuildFile; fileRef = F725F1A618EE77BB00CAEB1C /* biologiaViewController.xib */; };
		F725F1AA18EE7FCD00CAEB1C /* lampadaAcesa.png in Resources */ = {isa = PBXBuildFile; fileRef = F725F1A918EE7FCD00CAEB1C /* lampadaAcesa.png */; };
		F725F1AC18EEBF8500CAEB1C /* menino.png in Resources */ = {isa = PBXBuildFile; fileRef = F725F1AB18EEBF8500CAEB1C /* menino.png */; };
		F725F1B018EEE52B00CAEB1C /* GraficoOrvalhoViewController.m in Sources */ = {isa = PBXBuildFile; fileRef = F725F1AE18EEE52B00CAEB1C /* GraficoOrvalhoViewController.m */; };
		F725F1B118EEE52B00CAEB1C /* GraficoOrvalhoViewController.xib in Resources */ = {isa = PBXBuildFile; fileRef = F725F1AF18EEE52B00CAEB1C /* GraficoOrvalhoViewController.xib */; };
		F72D742618E615C000C267FE /* OrvalhoViewController.m in Sources */ = {isa = PBXBuildFile; fileRef = F72D742418E615C000C267FE /* OrvalhoViewController.m */; };
		F72D742718E615C000C267FE /* OrvalhoViewController.xib in Resources */ = {isa = PBXBuildFile; fileRef = F72D742518E615C000C267FE /* OrvalhoViewController.xib */; };
/* End PBXBuildFile section */

/* Begin PBXFileReference section */
		251BD86718EC93FE00C8C75C /* quimicaViewController.h */ = {isa = PBXFileReference; fileEncoding = 4; lastKnownFileType = sourcecode.c.h; path = quimicaViewController.h; sourceTree = "<group>"; };
		251BD86818EC93FE00C8C75C /* quimicaViewController.m */ = {isa = PBXFileReference; fileEncoding = 4; lastKnownFileType = sourcecode.c.objc; path = quimicaViewController.m; sourceTree = "<group>"; };
		251BD86918EC93FE00C8C75C /* quimicaViewController.xib */ = {isa = PBXFileReference; fileEncoding = 4; lastKnownFileType = file.xib; name = quimicaViewController.xib; path = ../../Class/Controller/quimicaViewController.xib; sourceTree = "<group>"; };
		25CCD38618EDD8170000D1CD /* ArduinoWebservice.h */ = {isa = PBXFileReference; fileEncoding = 4; lastKnownFileType = sourcecode.c.h; path = ArduinoWebservice.h; sourceTree = "<group>"; };
		25CCD38718EDD8170000D1CD /* ArduinoWebservice.m */ = {isa = PBXFileReference; fileEncoding = 4; lastKnownFileType = sourcecode.c.objc; path = ArduinoWebservice.m; sourceTree = "<group>"; };
		25CCD38918EDDD730000D1CD /* bio.png */ = {isa = PBXFileReference; lastKnownFileType = image.png; path = bio.png; sourceTree = "<group>"; };
		25CCD38A18EDDD740000D1CD /* qui.png */ = {isa = PBXFileReference; lastKnownFileType = image.png; path = qui.png; sourceTree = "<group>"; };
		25CCD38D18EDDDAC0000D1CD /* fisica.png */ = {isa = PBXFileReference; lastKnownFileType = image.png; path = fisica.png; sourceTree = "<group>"; };
		25CCD38F18EDE0780000D1CD /* blackboard.png */ = {isa = PBXFileReference; lastKnownFileType = image.png; path = blackboard.png; sourceTree = "<group>"; };
		25D23CD218F5BCF000BE0981 /* pause.png */ = {isa = PBXFileReference; lastKnownFileType = image.png; path = pause.png; sourceTree = "<group>"; };
		25D23CD318F5BCF000BE0981 /* play.png */ = {isa = PBXFileReference; lastKnownFileType = image.png; path = play.png; sourceTree = "<group>"; };
		25D23CD418F5BCF000BE0981 /* tutscience.png */ = {isa = PBXFileReference; lastKnownFileType = image.png; path = tutscience.png; sourceTree = "<group>"; };
		2903696418F463B000D593E3 /* bugbut.png */ = {isa = PBXFileReference; lastKnownFileType = image.png; path = bugbut.png; sourceTree = "<group>"; };
		294F52D718EDF6BB001EB661 /* ter.png */ = {isa = PBXFileReference; lastKnownFileType = image.png; path = ter.png; sourceTree = "<group>"; };
		294F52D918EDFC60001EB661 /* copo.png */ = {isa = PBXFileReference; lastKnownFileType = image.png; path = copo.png; sourceTree = "<group>"; };
		296E10A118E5EFAA005969F7 /* RNAppDelegate.h */ = {isa = PBXFileReference; fileEncoding = 4; lastKnownFileType = sourcecode.c.h; path = RNAppDelegate.h; sourceTree = "<group>"; };
		296E10A218E5EFAA005969F7 /* RNAppDelegate.m */ = {isa = PBXFileReference; fileEncoding = 4; lastKnownFileType = sourcecode.c.objc; path = RNAppDelegate.m; sourceTree = "<group>"; };
		296E10A318E5EFAA005969F7 /* SensoresViewController.h */ = {isa = PBXFileReference; fileEncoding = 4; lastKnownFileType = sourcecode.c.h; path = SensoresViewController.h; sourceTree = "<group>"; };
		296E10A418E5EFAA005969F7 /* SensoresViewController.m */ = {isa = PBXFileReference; fileEncoding = 4; lastKnownFileType = sourcecode.c.objc; path = SensoresViewController.m; sourceTree = "<group>"; };
		296E10A518E5EFAA005969F7 /* tempViewController.h */ = {isa = PBXFileReference; fileEncoding = 4; lastKnownFileType = sourcecode.c.h; path = tempViewController.h; sourceTree = "<group>"; };
		296E10A618E5EFAA005969F7 /* tempViewController.m */ = {isa = PBXFileReference; fileEncoding = 4; lastKnownFileType = sourcecode.c.objc; path = tempViewController.m; sourceTree = "<group>"; };
		296E10A718E5EFAA005969F7 /* ViewController.h */ = {isa = PBXFileReference; fileEncoding = 4; lastKnownFileType = sourcecode.c.h; path = ViewController.h; sourceTree = "<group>"; };
		296E10A818E5EFAA005969F7 /* ViewController.m */ = {isa = PBXFileReference; fileEncoding = 4; lastKnownFileType = sourcecode.c.objc; path = ViewController.m; sourceTree = "<group>"; };
		296E10AC18E5EFAA005969F7 /* PNBar.h */ = {isa = PBXFileReference; fileEncoding = 4; lastKnownFileType = sourcecode.c.h; path = PNBar.h; sourceTree = "<group>"; };
		296E10AD18E5EFAA005969F7 /* PNBar.m */ = {isa = PBXFileReference; fileEncoding = 4; lastKnownFileType = sourcecode.c.objc; path = PNBar.m; sourceTree = "<group>"; };
		296E10AE18E5EFAA005969F7 /* PNBarChart.h */ = {isa = PBXFileReference; fileEncoding = 4; lastKnownFileType = sourcecode.c.h; path = PNBarChart.h; sourceTree = "<group>"; };
		296E10AF18E5EFAA005969F7 /* PNBarChart.m */ = {isa = PBXFileReference; fileEncoding = 4; lastKnownFileType = sourcecode.c.objc; path = PNBarChart.m; sourceTree = "<group>"; };
		296E10B018E5EFAA005969F7 /* PNChart.h */ = {isa = PBXFileReference; fileEncoding = 4; lastKnownFileType = sourcecode.c.h; path = PNChart.h; sourceTree = "<group>"; };
		296E10B118E5EFAA005969F7 /* PNChartDelegate.h */ = {isa = PBXFileReference; fileEncoding = 4; lastKnownFileType = sourcecode.c.h; path = PNChartDelegate.h; sourceTree = "<group>"; };
		296E10B218E5EFAA005969F7 /* PNChartLabel.h */ = {isa = PBXFileReference; fileEncoding = 4; lastKnownFileType = sourcecode.c.h; path = PNChartLabel.h; sourceTree = "<group>"; };
		296E10B318E5EFAA005969F7 /* PNChartLabel.m */ = {isa = PBXFileReference; fileEncoding = 4; lastKnownFileType = sourcecode.c.objc; path = PNChartLabel.m; sourceTree = "<group>"; };
		296E10B418E5EFAA005969F7 /* PNCircleChart.h */ = {isa = PBXFileReference; fileEncoding = 4; lastKnownFileType = sourcecode.c.h; path = PNCircleChart.h; sourceTree = "<group>"; };
		296E10B518E5EFAA005969F7 /* PNCircleChart.m */ = {isa = PBXFileReference; fileEncoding = 4; lastKnownFileType = sourcecode.c.objc; path = PNCircleChart.m; sourceTree = "<group>"; };
		296E10B618E5EFAA005969F7 /* PNColor.h */ = {isa = PBXFileReference; fileEncoding = 4; lastKnownFileType = sourcecode.c.h; path = PNColor.h; sourceTree = "<group>"; };
		296E10B718E5EFAA005969F7 /* PNColor.m */ = {isa = PBXFileReference; fileEncoding = 4; lastKnownFileType = sourcecode.c.objc; path = PNColor.m; sourceTree = "<group>"; };
		296E10B818E5EFAA005969F7 /* PNLineChart.h */ = {isa = PBXFileReference; fileEncoding = 4; lastKnownFileType = sourcecode.c.h; path = PNLineChart.h; sourceTree = "<group>"; };
		296E10B918E5EFAA005969F7 /* PNLineChart.m */ = {isa = PBXFileReference; fileEncoding = 4; lastKnownFileType = sourcecode.c.objc; path = PNLineChart.m; sourceTree = "<group>"; };
		296E10BA18E5EFAA005969F7 /* PNLineChartData.h */ = {isa = PBXFileReference; fileEncoding = 4; lastKnownFileType = sourcecode.c.h; path = PNLineChartData.h; sourceTree = "<group>"; };
		296E10BB18E5EFAA005969F7 /* PNLineChartData.m */ = {isa = PBXFileReference; fileEncoding = 4; lastKnownFileType = sourcecode.c.objc; path = PNLineChartData.m; sourceTree = "<group>"; };
		296E10BC18E5EFAA005969F7 /* PNLineChartDataItem.h */ = {isa = PBXFileReference; fileEncoding = 4; lastKnownFileType = sourcecode.c.h; path = PNLineChartDataItem.h; sourceTree = "<group>"; };
		296E10BD18E5EFAA005969F7 /* PNLineChartDataItem.m */ = {isa = PBXFileReference; fileEncoding = 4; lastKnownFileType = sourcecode.c.objc; path = PNLineChartDataItem.m; sourceTree = "<group>"; };
		296E10BE18E5EFAA005969F7 /* UICountingLabel.h */ = {isa = PBXFileReference; fileEncoding = 4; lastKnownFileType = sourcecode.c.h; path = UICountingLabel.h; sourceTree = "<group>"; };
		296E10BF18E5EFAA005969F7 /* UICountingLabel.m */ = {isa = PBXFileReference; fileEncoding = 4; lastKnownFileType = sourcecode.c.objc; path = UICountingLabel.m; sourceTree = "<group>"; };
		296E10C118E5EFAA005969F7 /* RNFrostedSidebar-Info.plist */ = {isa = PBXFileReference; fileEncoding = 4; lastKnownFileType = text.plist.xml; path = "RNFrostedSidebar-Info.plist"; sourceTree = "<group>"; };
		296E10C218E5EFAA005969F7 /* RNFrostedSidebar-Prefix.pch */ = {isa = PBXFileReference; fileEncoding = 4; lastKnownFileType = sourcecode.c.h; path = "RNFrostedSidebar-Prefix.pch"; sourceTree = "<group>"; };
		296E10C318E5EFAA005969F7 /* RNFrostedSidebar.h */ = {isa = PBXFileReference; fileEncoding = 4; lastKnownFileType = sourcecode.c.h; path = RNFrostedSidebar.h; sourceTree = "<group>"; };
		296E10C418E5EFAA005969F7 /* RNFrostedSidebar.m */ = {isa = PBXFileReference; fileEncoding = 4; lastKnownFileType = sourcecode.c.objc; path = RNFrostedSidebar.m; sourceTree = "<group>"; };
		296E10C518E5EFAA005969F7 /* Images.xcassets */ = {isa = PBXFileReference; lastKnownFileType = folder.assetcatalog; path = Images.xcassets; sourceTree = "<group>"; };
		296E10C618E5EFAA005969F7 /* main.m */ = {isa = PBXFileReference; fileEncoding = 4; lastKnownFileType = sourcecode.c.objc; path = main.m; sourceTree = "<group>"; };
		296E10C918E5EFAA005969F7 /* burger.png */ = {isa = PBXFileReference; lastKnownFileType = image.png; path = burger.png; sourceTree = "<group>"; };
		296E10CA18E5EFAA005969F7 /* burger@2x.png */ = {isa = PBXFileReference; lastKnownFileType = image.png; path = "burger@2x.png"; sourceTree = "<group>"; };
		296E10CB18E5EFAA005969F7 /* click.gif */ = {isa = PBXFileReference; lastKnownFileType = image.gif; path = click.gif; sourceTree = "<group>"; };
		296E10CC18E5EFAA005969F7 /* Default-568h@2x.png */ = {isa = PBXFileReference; lastKnownFileType = image.png; path = "Default-568h@2x.png"; sourceTree = "<group>"; };
		296E10CD18E5EFAA005969F7 /* Default.png */ = {isa = PBXFileReference; lastKnownFileType = image.png; path = Default.png; sourceTree = "<group>"; };
		296E10CE18E5EFAA005969F7 /* Default@2x.png */ = {isa = PBXFileReference; lastKnownFileType = image.png; path = "Default@2x.png"; sourceTree = "<group>"; };
		296E192C18E5EFB5005969F7 /* gear.png */ = {isa = PBXFileReference; lastKnownFileType = image.png; path = gear.png; sourceTree = "<group>"; };
		296E192D18E5EFB5005969F7 /* gear@2x.png */ = {isa = PBXFileReference; lastKnownFileType = image.png; path = "gear@2x.png"; sourceTree = "<group>"; };
		296E192E18E5EFB5005969F7 /* globe.png */ = {isa = PBXFileReference; lastKnownFileType = image.png; path = globe.png; sourceTree = "<group>"; };
		296E192F18E5EFB5005969F7 /* globe@2x.png */ = {isa = PBXFileReference; lastKnownFileType = image.png; path = "globe@2x.png"; sourceTree = "<group>"; };
		296E193018E5EFB5005969F7 /* inspiracao.png */ = {isa = PBXFileReference; lastKnownFileType = image.png; path = inspiracao.png; sourceTree = "<group>"; };
		296E193118E5EFB5005969F7 /* open.gif */ = {isa = PBXFileReference; lastKnownFileType = image.gif; path = open.gif; sourceTree = "<group>"; };
		296E193218E5EFB5005969F7 /* profile.png */ = {isa = PBXFileReference; lastKnownFileType = image.png; path = profile.png; sourceTree = "<group>"; };
		296E193318E5EFB5005969F7 /* profile@2x.png */ = {isa = PBXFileReference; lastKnownFileType = image.png; path = "profile@2x.png"; sourceTree = "<group>"; };
		296E193418E5EFB5005969F7 /* star.png */ = {isa = PBXFileReference; lastKnownFileType = image.png; path = star.png; sourceTree = "<group>"; };
		296E193518E5EFB5005969F7 /* star@2x.png */ = {isa = PBXFileReference; lastKnownFileType = image.png; path = "star@2x.png"; sourceTree = "<group>"; };
		296E193618E5EFB5005969F7 /* tum.png */ = {isa = PBXFileReference; lastKnownFileType = image.png; path = tum.png; sourceTree = "<group>"; };
		296E193818E5EFB5005969F7 /* HeaderSensor.xib */ = {isa = PBXFileReference; fileEncoding = 4; lastKnownFileType = file.xib; path = HeaderSensor.xib; sourceTree = "<group>"; };
		296E193918E5EFB5005969F7 /* SensoresViewController.xib */ = {isa = PBXFileReference; fileEncoding = 4; lastKnownFileType = file.xib; path = SensoresViewController.xib; sourceTree = "<group>"; };
		296E193A18E5EFB5005969F7 /* tempViewController.xib */ = {isa = PBXFileReference; fileEncoding = 4; lastKnownFileType = file.xib; path = tempViewController.xib; sourceTree = "<group>"; };
		296E193B18E5EFB5005969F7 /* ViewController.xib */ = {isa = PBXFileReference; fileEncoding = 4; lastKnownFileType = file.xib; path = ViewController.xib; sourceTree = "<group>"; };
		296E21BE18E5F3B2005969F7 /* Single.h */ = {isa = PBXFileReference; fileEncoding = 4; lastKnownFileType = sourcecode.c.h; path = Single.h; sourceTree = "<group>"; };
		296E21BF18E5F3B2005969F7 /* Single.m */ = {isa = PBXFileReference; fileEncoding = 4; lastKnownFileType = sourcecode.c.objc; path = Single.m; sourceTree = "<group>"; };
		296E21C318E5F795005969F7 /* SDbar.h */ = {isa = PBXFileReference; fileEncoding = 4; lastKnownFileType = sourcecode.c.h; path = SDbar.h; sourceTree = "<group>"; };
		296E21C418E5F795005969F7 /* SDbar.m */ = {isa = PBXFileReference; fileEncoding = 4; lastKnownFileType = sourcecode.c.objc; path = SDbar.m; sourceTree = "<group>"; };
		296E21C618E6020E005969F7 /* PlanoViewController.h */ = {isa = PBXFileReference; fileEncoding = 4; lastKnownFileType = sourcecode.c.h; path = PlanoViewController.h; sourceTree = "<group>"; };
		296E21C718E6020E005969F7 /* PlanoViewController.m */ = {isa = PBXFileReference; fileEncoding = 4; lastKnownFileType = sourcecode.c.objc; path = PlanoViewController.m; sourceTree = "<group>"; };
		296E21C818E6020E005969F7 /* PlanoViewController.xib */ = {isa = PBXFileReference; fileEncoding = 4; lastKnownFileType = file.xib; name = PlanoViewController.xib; path = ../../Class/Controller/PlanoViewController.xib; sourceTree = "<group>"; };
		2981729518EC9FCD00A5AD6B /* Simulation.h */ = {isa = PBXFileReference; fileEncoding = 4; lastKnownFileType = sourcecode.c.h; path = Simulation.h; sourceTree = "<group>"; };
		2981729618EC9FCD00A5AD6B /* Simulation.m */ = {isa = PBXFileReference; fileEncoding = 4; lastKnownFileType = sourcecode.c.objc; path = Simulation.m; sourceTree = "<group>"; };
		862D1B2317BC2C9B00157004 /* QuartzCore.framework */ = {isa = PBXFileReference; lastKnownFileType = wrapper.framework; name = QuartzCore.framework; path = System/Library/Frameworks/QuartzCore.framework; sourceTree = SDKROOT; };
		862D1B2517BC2CA000157004 /* Accelerate.framework */ = {isa = PBXFileReference; lastKnownFileType = wrapper.framework; name = Accelerate.framework; path = System/Library/Frameworks/Accelerate.framework; sourceTree = SDKROOT; };
		8646015D17BAF99800FCE7F4 /* RNFrostedSidebar.app */ = {isa = PBXFileReference; explicitFileType = wrapper.application; includeInIndex = 0; path = RNFrostedSidebar.app; sourceTree = BUILT_PRODUCTS_DIR; };
		8646016017BAF99800FCE7F4 /* Foundation.framework */ = {isa = PBXFileReference; lastKnownFileType = wrapper.framework; name = Foundation.framework; path = System/Library/Frameworks/Foundation.framework; sourceTree = SDKROOT; };
		8646016217BAF99800FCE7F4 /* CoreGraphics.framework */ = {isa = PBXFileReference; lastKnownFileType = wrapper.framework; name = CoreGraphics.framework; path = System/Library/Frameworks/CoreGraphics.framework; sourceTree = SDKROOT; };
		8646016417BAF99800FCE7F4 /* UIKit.framework */ = {isa = PBXFileReference; lastKnownFileType = wrapper.framework; name = UIKit.framework; path = System/Library/Frameworks/UIKit.framework; sourceTree = SDKROOT; };
		8646017917BAF99800FCE7F4 /* XCTest.framework */ = {isa = PBXFileReference; lastKnownFileType = wrapper.framework; name = XCTest.framework; path = Library/Frameworks/XCTest.framework; sourceTree = DEVELOPER_DIR; };
		C069753C18F14EE400DB4924 /* Reachability.h */ = {isa = PBXFileReference; fileEncoding = 4; lastKnownFileType = sourcecode.c.h; path = Reachability.h; sourceTree = "<group>"; };
		C069753D18F14EE400DB4924 /* Reachability.m */ = {isa = PBXFileReference; fileEncoding = 4; lastKnownFileType = sourcecode.c.objc; path = Reachability.m; sourceTree = "<group>"; };
		F725F1A418EE77BB00CAEB1C /* biologiaViewController.h */ = {isa = PBXFileReference; fileEncoding = 4; lastKnownFileType = sourcecode.c.h; name = biologiaViewController.h; path = ../../Resources/NIBs/biologiaViewController.h; sourceTree = "<group>"; };
		F725F1A518EE77BB00CAEB1C /* biologiaViewController.m */ = {isa = PBXFileReference; fileEncoding = 4; lastKnownFileType = sourcecode.c.objc; name = biologiaViewController.m; path = ../../Resources/NIBs/biologiaViewController.m; sourceTree = "<group>"; };
		F725F1A618EE77BB00CAEB1C /* biologiaViewController.xib */ = {isa = PBXFileReference; fileEncoding = 4; lastKnownFileType = file.xib; path = biologiaViewController.xib; sourceTree = "<group>"; };
		F725F1A918EE7FCD00CAEB1C /* lampadaAcesa.png */ = {isa = PBXFileReference; lastKnownFileType = image.png; name = lampadaAcesa.png; path = Resources/images/lampadaAcesa.png; sourceTree = SOURCE_ROOT; };
		F725F1AB18EEBF8500CAEB1C /* menino.png */ = {isa = PBXFileReference; lastKnownFileType = image.png; path = menino.png; sourceTree = "<group>"; };
		F725F1AD18EEE52B00CAEB1C /* GraficoOrvalhoViewController.h */ = {isa = PBXFileReference; fileEncoding = 4; lastKnownFileType = sourcecode.c.h; path = GraficoOrvalhoViewController.h; sourceTree = "<group>"; };
		F725F1AE18EEE52B00CAEB1C /* GraficoOrvalhoViewController.m */ = {isa = PBXFileReference; fileEncoding = 4; lastKnownFileType = sourcecode.c.objc; path = GraficoOrvalhoViewController.m; sourceTree = "<group>"; };
		F725F1AF18EEE52B00CAEB1C /* GraficoOrvalhoViewController.xib */ = {isa = PBXFileReference; fileEncoding = 4; lastKnownFileType = file.xib; name = GraficoOrvalhoViewController.xib; path = ../../Class/Controller/GraficoOrvalhoViewController.xib; sourceTree = "<group>"; };
		F72D742318E615C000C267FE /* OrvalhoViewController.h */ = {isa = PBXFileReference; fileEncoding = 4; lastKnownFileType = sourcecode.c.h; path = OrvalhoViewController.h; sourceTree = "<group>"; };
		F72D742418E615C000C267FE /* OrvalhoViewController.m */ = {isa = PBXFileReference; fileEncoding = 4; lastKnownFileType = sourcecode.c.objc; path = OrvalhoViewController.m; sourceTree = "<group>"; };
		F72D742518E615C000C267FE /* OrvalhoViewController.xib */ = {isa = PBXFileReference; fileEncoding = 4; lastKnownFileType = file.xib; name = OrvalhoViewController.xib; path = ../../Class/Controller/OrvalhoViewController.xib; sourceTree = "<group>"; };
/* End PBXFileReference section */

/* Begin PBXFrameworksBuildPhase section */
		8646015A17BAF99800FCE7F4 /* Frameworks */ = {
			isa = PBXFrameworksBuildPhase;
			buildActionMask = 2147483647;
			files = (
				86D2CBFA17CEAFE90098397C /* Accelerate.framework in Frameworks */,
				86D2CBF917CEAFE50098397C /* QuartzCore.framework in Frameworks */,
				8646016317BAF99800FCE7F4 /* CoreGraphics.framework in Frameworks */,
				8646016517BAF99800FCE7F4 /* UIKit.framework in Frameworks */,
				8646016117BAF99800FCE7F4 /* Foundation.framework in Frameworks */,
			);
			runOnlyForDeploymentPostprocessing = 0;
		};
/* End PBXFrameworksBuildPhase section */

/* Begin PBXGroup section */
		25CCD38518EDD8170000D1CD /* Arduino */ = {
			isa = PBXGroup;
			children = (
				25CCD38618EDD8170000D1CD /* ArduinoWebservice.h */,
				25CCD38718EDD8170000D1CD /* ArduinoWebservice.m */,
			);
			path = Arduino;
			sourceTree = "<group>";
		};
		296E109E18E5EFAA005969F7 /* Class */ = {
			isa = PBXGroup;
			children = (
				296E109F18E5EFAA005969F7 /* AppDelegate */,
				296E10A018E5EFAA005969F7 /* Controller */,
				296E10A918E5EFAA005969F7 /* Helpers */,
				296E10AA18E5EFAA005969F7 /* Models */,
			);
			path = Class;
			sourceTree = "<group>";
		};
		296E109F18E5EFAA005969F7 /* AppDelegate */ = {
			isa = PBXGroup;
			children = (
			);
			path = AppDelegate;
			sourceTree = "<group>";
		};
		296E10A018E5EFAA005969F7 /* Controller */ = {
			isa = PBXGroup;
			children = (
				F725F1AD18EEE52B00CAEB1C /* GraficoOrvalhoViewController.h */,
				F725F1AE18EEE52B00CAEB1C /* GraficoOrvalhoViewController.m */,
				296E10A118E5EFAA005969F7 /* RNAppDelegate.h */,
				296E10A218E5EFAA005969F7 /* RNAppDelegate.m */,
				F725F1A418EE77BB00CAEB1C /* biologiaViewController.h */,
				F725F1A518EE77BB00CAEB1C /* biologiaViewController.m */,
				F72D742318E615C000C267FE /* OrvalhoViewController.h */,
				F72D742418E615C000C267FE /* OrvalhoViewController.m */,
				296E10A318E5EFAA005969F7 /* SensoresViewController.h */,
				296E10A418E5EFAA005969F7 /* SensoresViewController.m */,
				296E10A518E5EFAA005969F7 /* tempViewController.h */,
				296E10A618E5EFAA005969F7 /* tempViewController.m */,
				251BD86718EC93FE00C8C75C /* quimicaViewController.h */,
				251BD86818EC93FE00C8C75C /* quimicaViewController.m */,
				296E10A718E5EFAA005969F7 /* ViewController.h */,
				296E10A818E5EFAA005969F7 /* ViewController.m */,
				296E21C618E6020E005969F7 /* PlanoViewController.h */,
				296E21C718E6020E005969F7 /* PlanoViewController.m */,
			);
			path = Controller;
			sourceTree = "<group>";
		};
		296E10A918E5EFAA005969F7 /* Helpers */ = {
			isa = PBXGroup;
			children = (
			);
			path = Helpers;
			sourceTree = "<group>";
		};
		296E10AA18E5EFAA005969F7 /* Models */ = {
			isa = PBXGroup;
			children = (
				C069753B18F14EE400DB4924 /* Reachability */,
				25CCD38518EDD8170000D1CD /* Arduino */,
				2981729418EC9FAF00A5AD6B /* Simutation */,
				296E21C218E5F77F005969F7 /* SDbar */,
				296E21BD18E5F3B2005969F7 /* Single */,
				296E10AB18E5EFAA005969F7 /* PNChart */,
				296E10C018E5EFAA005969F7 /* RNFrostedSidebar */,
			);
			path = Models;
			sourceTree = "<group>";
		};
		296E10AB18E5EFAA005969F7 /* PNChart */ = {
			isa = PBXGroup;
			children = (
				296E10AC18E5EFAA005969F7 /* PNBar.h */,
				296E10AD18E5EFAA005969F7 /* PNBar.m */,
				296E10AE18E5EFAA005969F7 /* PNBarChart.h */,
				296E10AF18E5EFAA005969F7 /* PNBarChart.m */,
				296E10B018E5EFAA005969F7 /* PNChart.h */,
				296E10B118E5EFAA005969F7 /* PNChartDelegate.h */,
				296E10B218E5EFAA005969F7 /* PNChartLabel.h */,
				296E10B318E5EFAA005969F7 /* PNChartLabel.m */,
				296E10B418E5EFAA005969F7 /* PNCircleChart.h */,
				296E10B518E5EFAA005969F7 /* PNCircleChart.m */,
				296E10B618E5EFAA005969F7 /* PNColor.h */,
				296E10B718E5EFAA005969F7 /* PNColor.m */,
				296E10B818E5EFAA005969F7 /* PNLineChart.h */,
				296E10B918E5EFAA005969F7 /* PNLineChart.m */,
				296E10BA18E5EFAA005969F7 /* PNLineChartData.h */,
				296E10BB18E5EFAA005969F7 /* PNLineChartData.m */,
				296E10BC18E5EFAA005969F7 /* PNLineChartDataItem.h */,
				296E10BD18E5EFAA005969F7 /* PNLineChartDataItem.m */,
				296E10BE18E5EFAA005969F7 /* UICountingLabel.h */,
				296E10BF18E5EFAA005969F7 /* UICountingLabel.m */,
			);
			path = PNChart;
			sourceTree = "<group>";
		};
		296E10C018E5EFAA005969F7 /* RNFrostedSidebar */ = {
			isa = PBXGroup;
			children = (
				296E10C118E5EFAA005969F7 /* RNFrostedSidebar-Info.plist */,
				296E10C218E5EFAA005969F7 /* RNFrostedSidebar-Prefix.pch */,
				296E10C318E5EFAA005969F7 /* RNFrostedSidebar.h */,
				296E10C418E5EFAA005969F7 /* RNFrostedSidebar.m */,
			);
			path = RNFrostedSidebar;
			sourceTree = "<group>";
		};
		296E10C718E5EFAA005969F7 /* Resources */ = {
			isa = PBXGroup;
			children = (
				296E10C818E5EFAA005969F7 /* images */,
				296E193718E5EFB5005969F7 /* NIBs */,
			);
			path = Resources;
			sourceTree = "<group>";
		};
		296E10C818E5EFAA005969F7 /* images */ = {
			isa = PBXGroup;
			children = (
				25D23CD218F5BCF000BE0981 /* pause.png */,
				25D23CD318F5BCF000BE0981 /* play.png */,
				25D23CD418F5BCF000BE0981 /* tutscience.png */,
				2903696418F463B000D593E3 /* bugbut.png */,
				F725F1AB18EEBF8500CAEB1C /* menino.png */,
				F725F1A918EE7FCD00CAEB1C /* lampadaAcesa.png */,
				294F52D918EDFC60001EB661 /* copo.png */,
				294F52D718EDF6BB001EB661 /* ter.png */,
				25CCD38F18EDE0780000D1CD /* blackboard.png */,
				25CCD38D18EDDDAC0000D1CD /* fisica.png */,
				25CCD38918EDDD730000D1CD /* bio.png */,
				25CCD38A18EDDD740000D1CD /* qui.png */,
				296E10C918E5EFAA005969F7 /* burger.png */,
				296E10CA18E5EFAA005969F7 /* burger@2x.png */,
				296E10CB18E5EFAA005969F7 /* click.gif */,
				296E10CC18E5EFAA005969F7 /* Default-568h@2x.png */,
				296E10CD18E5EFAA005969F7 /* Default.png */,
				296E10CE18E5EFAA005969F7 /* Default@2x.png */,
				296E192C18E5EFB5005969F7 /* gear.png */,
				296E192D18E5EFB5005969F7 /* gear@2x.png */,
				296E192E18E5EFB5005969F7 /* globe.png */,
				296E192F18E5EFB5005969F7 /* globe@2x.png */,
				296E193018E5EFB5005969F7 /* inspiracao.png */,
				296E193118E5EFB5005969F7 /* open.gif */,
				296E193218E5EFB5005969F7 /* profile.png */,
				296E193318E5EFB5005969F7 /* profile@2x.png */,
				296E193418E5EFB5005969F7 /* star.png */,
				296E193518E5EFB5005969F7 /* star@2x.png */,
				296E193618E5EFB5005969F7 /* tum.png */,
			);
			path = images;
			sourceTree = "<group>";
		};
		296E193718E5EFB5005969F7 /* NIBs */ = {
			isa = PBXGroup;
			children = (
				F725F1AF18EEE52B00CAEB1C /* GraficoOrvalhoViewController.xib */,
				F72D742518E615C000C267FE /* OrvalhoViewController.xib */,
				251BD86918EC93FE00C8C75C /* quimicaViewController.xib */,
				296E193818E5EFB5005969F7 /* HeaderSensor.xib */,
				296E21C818E6020E005969F7 /* PlanoViewController.xib */,
				296E193918E5EFB5005969F7 /* SensoresViewController.xib */,
				296E193A18E5EFB5005969F7 /* tempViewController.xib */,
				F725F1A618EE77BB00CAEB1C /* biologiaViewController.xib */,
				296E193B18E5EFB5005969F7 /* ViewController.xib */,
			);
			path = NIBs;
			sourceTree = "<group>";
		};
		296E21BD18E5F3B2005969F7 /* Single */ = {
			isa = PBXGroup;
			children = (
				296E21BE18E5F3B2005969F7 /* Single.h */,
				296E21BF18E5F3B2005969F7 /* Single.m */,
			);
			path = Single;
			sourceTree = "<group>";
		};
		296E21C218E5F77F005969F7 /* SDbar */ = {
			isa = PBXGroup;
			children = (
				296E21C318E5F795005969F7 /* SDbar.h */,
				296E21C418E5F795005969F7 /* SDbar.m */,
			);
			path = SDbar;
			sourceTree = "<group>";
		};
		2981729418EC9FAF00A5AD6B /* Simutation */ = {
			isa = PBXGroup;
			children = (
				2981729518EC9FCD00A5AD6B /* Simulation.h */,
				2981729618EC9FCD00A5AD6B /* Simulation.m */,
			);
			path = Simutation;
			sourceTree = "<group>";
		};
		8646015417BAF99800FCE7F4 = {
			isa = PBXGroup;
			children = (
				296E109E18E5EFAA005969F7 /* Class */,
				296E10C518E5EFAA005969F7 /* Images.xcassets */,
				296E10C618E5EFAA005969F7 /* main.m */,
				296E10C718E5EFAA005969F7 /* Resources */,
				8646015F17BAF99800FCE7F4 /* Frameworks */,
				8646015E17BAF99800FCE7F4 /* Products */,
			);
			sourceTree = "<group>";
		};
		8646015E17BAF99800FCE7F4 /* Products */ = {
			isa = PBXGroup;
			children = (
				8646015D17BAF99800FCE7F4 /* RNFrostedSidebar.app */,
			);
			name = Products;
			sourceTree = "<group>";
		};
		8646015F17BAF99800FCE7F4 /* Frameworks */ = {
			isa = PBXGroup;
			children = (
				862D1B2517BC2CA000157004 /* Accelerate.framework */,
				862D1B2317BC2C9B00157004 /* QuartzCore.framework */,
				8646016017BAF99800FCE7F4 /* Foundation.framework */,
				8646016217BAF99800FCE7F4 /* CoreGraphics.framework */,
				8646016417BAF99800FCE7F4 /* UIKit.framework */,
				8646017917BAF99800FCE7F4 /* XCTest.framework */,
			);
			name = Frameworks;
			sourceTree = "<group>";
		};
		C069753B18F14EE400DB4924 /* Reachability */ = {
			isa = PBXGroup;
			children = (
				C069753C18F14EE400DB4924 /* Reachability.h */,
				C069753D18F14EE400DB4924 /* Reachability.m */,
			);
			path = Reachability;
			sourceTree = "<group>";
		};
/* End PBXGroup section */

/* Begin PBXNativeTarget section */
		8646015C17BAF99800FCE7F4 /* RNFrostedSidebar */ = {
			isa = PBXNativeTarget;
			buildConfigurationList = 8646018917BAF99800FCE7F4 /* Build configuration list for PBXNativeTarget "RNFrostedSidebar" */;
			buildPhases = (
				8646015917BAF99800FCE7F4 /* Sources */,
				8646015A17BAF99800FCE7F4 /* Frameworks */,
				8646015B17BAF99800FCE7F4 /* Resources */,
			);
			buildRules = (
			);
			dependencies = (
			);
			name = RNFrostedSidebar;
			productName = RNSideCallout;
			productReference = 8646015D17BAF99800FCE7F4 /* RNFrostedSidebar.app */;
			productType = "com.apple.product-type.application";
		};
/* End PBXNativeTarget section */

/* Begin PBXProject section */
		8646015517BAF99800FCE7F4 /* Project object */ = {
			isa = PBXProject;
			attributes = {
				CLASSPREFIX = RN;
				LastUpgradeCheck = 0500;
				ORGANIZATIONNAME = "Ryan Nystrom";
				TargetAttributes = {
					8646015C17BAF99800FCE7F4 = {
						DevelopmentTeam = 54JDK55DR5;
					};
				};
			};
			buildConfigurationList = 8646015817BAF99800FCE7F4 /* Build configuration list for PBXProject "RNFrostedSidebar" */;
			compatibilityVersion = "Xcode 3.2";
			developmentRegion = English;
			hasScannedForEncodings = 0;
			knownRegions = (
				en,
			);
			mainGroup = 8646015417BAF99800FCE7F4;
			productRefGroup = 8646015E17BAF99800FCE7F4 /* Products */;
			projectDirPath = "";
			projectRoot = "";
			targets = (
				8646015C17BAF99800FCE7F4 /* RNFrostedSidebar */,
			);
		};
/* End PBXProject section */

/* Begin PBXResourcesBuildPhase section */
		8646015B17BAF99800FCE7F4 /* Resources */ = {
			isa = PBXResourcesBuildPhase;
			buildActionMask = 2147483647;
			files = (
				296E21AD18E5EFB6005969F7 /* profile.png in Resources */,
				296E21A918E5EFB6005969F7 /* globe.png in Resources */,
				F72D742718E615C000C267FE /* OrvalhoViewController.xib in Resources */,
				296E21AF18E5EFB6005969F7 /* star.png in Resources */,
				25CCD38E18EDDDAC0000D1CD /* fisica.png in Resources */,
				296E21A818E5EFB6005969F7 /* gear@2x.png in Resources */,
				F725F1A818EE77BB00CAEB1C /* biologiaViewController.xib in Resources */,
				251BD86B18EC93FE00C8C75C /* quimicaViewController.xib in Resources */,
				296E21B118E5EFB6005969F7 /* tum.png in Resources */,
				296E195218E5EFB5005969F7 /* Default@2x.png in Resources */,
				296E21B518E5EFB6005969F7 /* ViewController.xib in Resources */,
				296E194F18E5EFB5005969F7 /* click.gif in Resources */,
				25D23CD718F5BCF000BE0981 /* tutscience.png in Resources */,
				25CCD39018EDE0780000D1CD /* blackboard.png in Resources */,
				25D23CD618F5BCF000BE0981 /* play.png in Resources */,
				296E194918E5EFB5005969F7 /* RNFrostedSidebar-Info.plist in Resources */,
				296E21AC18E5EFB6005969F7 /* open.gif in Resources */,
				296E21A718E5EFB6005969F7 /* gear.png in Resources */,
				F725F1AC18EEBF8500CAEB1C /* menino.png in Resources */,
				296E194E18E5EFB5005969F7 /* burger@2x.png in Resources */,
				25CCD38B18EDDD740000D1CD /* bio.png in Resources */,
				296E21AE18E5EFB6005969F7 /* profile@2x.png in Resources */,
				296E21B318E5EFB6005969F7 /* SensoresViewController.xib in Resources */,
				296E194B18E5EFB5005969F7 /* Images.xcassets in Resources */,
				25CCD38C18EDDD740000D1CD /* qui.png in Resources */,
				296E21CA18E6020E005969F7 /* PlanoViewController.xib in Resources */,
				296E21B218E5EFB6005969F7 /* HeaderSensor.xib in Resources */,
				25D23CD518F5BCF000BE0981 /* pause.png in Resources */,
				296E195118E5EFB5005969F7 /* Default.png in Resources */,
				2903696518F463B000D593E3 /* bugbut.png in Resources */,
				296E21AA18E5EFB6005969F7 /* globe@2x.png in Resources */,
				296E21B018E5EFB6005969F7 /* star@2x.png in Resources */,
				F725F1AA18EE7FCD00CAEB1C /* lampadaAcesa.png in Resources */,
				296E194D18E5EFB5005969F7 /* burger.png in Resources */,
				296E195018E5EFB5005969F7 /* Default-568h@2x.png in Resources */,
				F725F1B118EEE52B00CAEB1C /* GraficoOrvalhoViewController.xib in Resources */,
				294F52D818EDF6BB001EB661 /* ter.png in Resources */,
				296E21B418E5EFB6005969F7 /* tempViewController.xib in Resources */,
				296E21AB18E5EFB6005969F7 /* inspiracao.png in Resources */,
				294F52DA18EDFC60001EB661 /* copo.png in Resources */,
			);
			runOnlyForDeploymentPostprocessing = 0;
		};
/* End PBXResourcesBuildPhase section */

/* Begin PBXSourcesBuildPhase section */
		8646015917BAF99800FCE7F4 /* Sources */ = {
			isa = PBXSourcesBuildPhase;
			buildActionMask = 2147483647;
			files = (
				296E193E18E5EFB5005969F7 /* tempViewController.m in Sources */,
				F725F1A718EE77BB00CAEB1C /* biologiaViewController.m in Sources */,
				296E194718E5EFB5005969F7 /* PNLineChartDataItem.m in Sources */,
				296E21C518E5F795005969F7 /* SDbar.m in Sources */,
				C069753E18F14EE400DB4924 /* Reachability.m in Sources */,
				296E194318E5EFB5005969F7 /* PNCircleChart.m in Sources */,
				296E194818E5EFB5005969F7 /* UICountingLabel.m in Sources */,
				296E194218E5EFB5005969F7 /* PNChartLabel.m in Sources */,
				296E194518E5EFB5005969F7 /* PNLineChart.m in Sources */,
				2981729718EC9FCD00A5AD6B /* Simulation.m in Sources */,
				296E194C18E5EFB5005969F7 /* main.m in Sources */,
				296E194118E5EFB5005969F7 /* PNBarChart.m in Sources */,
				296E21C118E5F3B2005969F7 /* Single.m in Sources */,
				296E193C18E5EFB5005969F7 /* RNAppDelegate.m in Sources */,
				296E21C918E6020E005969F7 /* PlanoViewController.m in Sources */,
				F725F1B018EEE52B00CAEB1C /* GraficoOrvalhoViewController.m in Sources */,
				296E194618E5EFB5005969F7 /* PNLineChartData.m in Sources */,
				296E193D18E5EFB5005969F7 /* SensoresViewController.m in Sources */,
				25CCD38818EDD8170000D1CD /* ArduinoWebservice.m in Sources */,
				251BD86A18EC93FE00C8C75C /* quimicaViewController.m in Sources */,
				F72D742618E615C000C267FE /* OrvalhoViewController.m in Sources */,
				296E194018E5EFB5005969F7 /* PNBar.m in Sources */,
				296E194A18E5EFB5005969F7 /* RNFrostedSidebar.m in Sources */,
				296E193F18E5EFB5005969F7 /* ViewController.m in Sources */,
				296E194418E5EFB5005969F7 /* PNColor.m in Sources */,
			);
			runOnlyForDeploymentPostprocessing = 0;
		};
/* End PBXSourcesBuildPhase section */

/* Begin XCBuildConfiguration section */
		8646018717BAF99800FCE7F4 /* Debug */ = {
			isa = XCBuildConfiguration;
			buildSettings = {
				ALWAYS_SEARCH_USER_PATHS = NO;
				CLANG_CXX_LANGUAGE_STANDARD = "gnu++0x";
				CLANG_CXX_LIBRARY = "libc++";
				CLANG_ENABLE_MODULES = YES;
				CLANG_ENABLE_OBJC_ARC = YES;
				CLANG_WARN_BOOL_CONVERSION = YES;
				CLANG_WARN_CONSTANT_CONVERSION = YES;
				CLANG_WARN_DIRECT_OBJC_ISA_USAGE = YES_ERROR;
				CLANG_WARN_EMPTY_BODY = YES;
				CLANG_WARN_ENUM_CONVERSION = YES;
				CLANG_WARN_INT_CONVERSION = YES;
				CLANG_WARN_OBJC_ROOT_CLASS = YES_ERROR;
				CLANG_WARN__DUPLICATE_METHOD_MATCH = YES;
				"CODE_SIGN_IDENTITY[sdk=iphoneos*]" = "iPhone Developer";
				COPY_PHASE_STRIP = NO;
				GCC_C_LANGUAGE_STANDARD = gnu99;
				GCC_DYNAMIC_NO_PIC = NO;
				GCC_OPTIMIZATION_LEVEL = 0;
				GCC_PREPROCESSOR_DEFINITIONS = (
					"DEBUG=1",
					"$(inherited)",
				);
				GCC_SYMBOLS_PRIVATE_EXTERN = NO;
				GCC_WARN_ABOUT_RETURN_TYPE = YES_ERROR;
				GCC_WARN_UNDECLARED_SELECTOR = YES;
				GCC_WARN_UNINITIALIZED_AUTOS = YES;
				GCC_WARN_UNUSED_FUNCTION = YES;
				GCC_WARN_UNUSED_VARIABLE = YES;
				IPHONEOS_DEPLOYMENT_TARGET = 7.0;
				ONLY_ACTIVE_ARCH = YES;
				SDKROOT = iphoneos;
				TARGETED_DEVICE_FAMILY = "1,2";
			};
			name = Debug;
		};
		8646018817BAF99800FCE7F4 /* Release */ = {
			isa = XCBuildConfiguration;
			buildSettings = {
				ALWAYS_SEARCH_USER_PATHS = NO;
				CLANG_CXX_LANGUAGE_STANDARD = "gnu++0x";
				CLANG_CXX_LIBRARY = "libc++";
				CLANG_ENABLE_MODULES = YES;
				CLANG_ENABLE_OBJC_ARC = YES;
				CLANG_WARN_BOOL_CONVERSION = YES;
				CLANG_WARN_CONSTANT_CONVERSION = YES;
				CLANG_WARN_DIRECT_OBJC_ISA_USAGE = YES_ERROR;
				CLANG_WARN_EMPTY_BODY = YES;
				CLANG_WARN_ENUM_CONVERSION = YES;
				CLANG_WARN_INT_CONVERSION = YES;
				CLANG_WARN_OBJC_ROOT_CLASS = YES_ERROR;
				CLANG_WARN__DUPLICATE_METHOD_MATCH = YES;
				"CODE_SIGN_IDENTITY[sdk=iphoneos*]" = "iPhone Developer";
				COPY_PHASE_STRIP = YES;
				ENABLE_NS_ASSERTIONS = NO;
				GCC_C_LANGUAGE_STANDARD = gnu99;
				GCC_WARN_ABOUT_RETURN_TYPE = YES_ERROR;
				GCC_WARN_UNDECLARED_SELECTOR = YES;
				GCC_WARN_UNINITIALIZED_AUTOS = YES;
				GCC_WARN_UNUSED_FUNCTION = YES;
				GCC_WARN_UNUSED_VARIABLE = YES;
				IPHONEOS_DEPLOYMENT_TARGET = 7.0;
				SDKROOT = iphoneos;
				TARGETED_DEVICE_FAMILY = "1,2";
				VALIDATE_PRODUCT = YES;
			};
			name = Release;
		};
		8646018A17BAF99800FCE7F4 /* Debug */ = {
			isa = XCBuildConfiguration;
			buildSettings = {
				ASSETCATALOG_COMPILER_APPICON_NAME = AppIcon;
				ASSETCATALOG_COMPILER_LAUNCHIMAGE_NAME = LaunchImage;
				CODE_SIGN_IDENTITY = "iPhone Developer";
				"CODE_SIGN_IDENTITY[sdk=iphoneos*]" = "iPhone Developer";
				GCC_PRECOMPILE_PREFIX_HEADER = YES;
				GCC_PREFIX_HEADER = "Class/Models/RNFrostedSidebar/RNFrostedSidebar-Prefix.pch";
				INFOPLIST_FILE = "Class/Models/RNFrostedSidebar/RNFrostedSidebar-Info.plist";
				IPHONEOS_DEPLOYMENT_TARGET = 7.1;
				PRODUCT_NAME = RNFrostedSidebar;
				PROVISIONING_PROFILE = "";
				TARGETED_DEVICE_FAMILY = 2;
				WRAPPER_EXTENSION = app;
			};
			name = Debug;
		};
		8646018B17BAF99800FCE7F4 /* Release */ = {
			isa = XCBuildConfiguration;
			buildSettings = {
				ASSETCATALOG_COMPILER_APPICON_NAME = AppIcon;
				ASSETCATALOG_COMPILER_LAUNCHIMAGE_NAME = LaunchImage;
				CODE_SIGN_IDENTITY = "iPhone Developer";
				"CODE_SIGN_IDENTITY[sdk=iphoneos*]" = "iPhone Developer";
				GCC_PRECOMPILE_PREFIX_HEADER = YES;
				GCC_PREFIX_HEADER = "Class/Models/RNFrostedSidebar/RNFrostedSidebar-Prefix.pch";
				INFOPLIST_FILE = "Class/Models/RNFrostedSidebar/RNFrostedSidebar-Info.plist";
				IPHONEOS_DEPLOYMENT_TARGET = 7.1;
				PRODUCT_NAME = RNFrostedSidebar;
				PROVISIONING_PROFILE = "";
				TARGETED_DEVICE_FAMILY = 2;
				WRAPPER_EXTENSION = app;
			};
			name = Release;
		};
/* End XCBuildConfiguration section */

/* Begin XCConfigurationList section */
		8646015817BAF99800FCE7F4 /* Build configuration list for PBXProject "RNFrostedSidebar" */ = {
			isa = XCConfigurationList;
			buildConfigurations = (
				8646018717BAF99800FCE7F4 /* Debug */,
				8646018817BAF99800FCE7F4 /* Release */,
			);
			defaultConfigurationIsVisible = 0;
			defaultConfigurationName = Release;
		};
		8646018917BAF99800FCE7F4 /* Build configuration list for PBXNativeTarget "RNFrostedSidebar" */ = {
			isa = XCConfigurationList;
			buildConfigurations = (
				8646018A17BAF99800FCE7F4 /* Debug */,
				8646018B17BAF99800FCE7F4 /* Release */,
			);
			defaultConfigurationIsVisible = 0;
			defaultConfigurationName = Release;
		};
/* End XCConfigurationList section */
	};
	rootObject = 8646015517BAF99800FCE7F4 /* Project object */;
}
