// !$*UTF8*$!
{
	archiveVersion = 1;
	classes = {
	};
	objectVersion = 46;
	objects = {

/* Begin PBXBuildFile section */
		F779822B18CB95F100640CAE /* Foundation.framework in Frameworks */ = {isa = PBXBuildFile; fileRef = F779822A18CB95F100640CAE /* Foundation.framework */; };
		F779822D18CB95F100640CAE /* CoreGraphics.framework in Frameworks */ = {isa = PBXBuildFile; fileRef = F779822C18CB95F100640CAE /* CoreGraphics.framework */; };
		F779822F18CB95F100640CAE /* UIKit.framework in Frameworks */ = {isa = PBXBuildFile; fileRef = F779822E18CB95F100640CAE /* UIKit.framework */; };
		F779823518CB95F100640CAE /* InfoPlist.strings in Resources */ = {isa = PBXBuildFile; fileRef = F779823318CB95F100640CAE /* InfoPlist.strings */; };
		F779823718CB95F100640CAE /* main.m in Sources */ = {isa = PBXBuildFile; fileRef = F779823618CB95F100640CAE /* main.m */; };
		F779823B18CB95F100640CAE /* AppDelegate.m in Sources */ = {isa = PBXBuildFile; fileRef = F779823A18CB95F100640CAE /* AppDelegate.m */; };
		F779823E18CB95F100640CAE /* Main.storyboard in Resources */ = {isa = PBXBuildFile; fileRef = F779823C18CB95F100640CAE /* Main.storyboard */; };
		F779824118CB95F100640CAE /* ViewController.m in Sources */ = {isa = PBXBuildFile; fileRef = F779824018CB95F100640CAE /* ViewController.m */; };
		F779824318CB95F100640CAE /* Images.xcassets in Resources */ = {isa = PBXBuildFile; fileRef = F779824218CB95F100640CAE /* Images.xcassets */; };
		F779824A18CB95F100640CAE /* XCTest.framework in Frameworks */ = {isa = PBXBuildFile; fileRef = F779824918CB95F100640CAE /* XCTest.framework */; };
		F779824B18CB95F100640CAE /* Foundation.framework in Frameworks */ = {isa = PBXBuildFile; fileRef = F779822A18CB95F100640CAE /* Foundation.framework */; };
		F779824C18CB95F100640CAE /* UIKit.framework in Frameworks */ = {isa = PBXBuildFile; fileRef = F779822E18CB95F100640CAE /* UIKit.framework */; };
		F779825418CB95F100640CAE /* InfoPlist.strings in Resources */ = {isa = PBXBuildFile; fileRef = F779825218CB95F100640CAE /* InfoPlist.strings */; };
		F779825618CB95F100640CAE /* bepid_downloadTests.m in Sources */ = {isa = PBXBuildFile; fileRef = F779825518CB95F100640CAE /* bepid_downloadTests.m */; };
		F779827318CB964C00640CAE /* AFHTTPRequestOperation.m in Sources */ = {isa = PBXBuildFile; fileRef = F779826118CB964C00640CAE /* AFHTTPRequestOperation.m */; };
		F779827418CB964C00640CAE /* AFHTTPRequestOperationManager.m in Sources */ = {isa = PBXBuildFile; fileRef = F779826318CB964C00640CAE /* AFHTTPRequestOperationManager.m */; };
		F779827518CB964C00640CAE /* AFHTTPSessionManager.m in Sources */ = {isa = PBXBuildFile; fileRef = F779826518CB964C00640CAE /* AFHTTPSessionManager.m */; };
		F779827618CB964C00640CAE /* AFNetworkReachabilityManager.m in Sources */ = {isa = PBXBuildFile; fileRef = F779826818CB964C00640CAE /* AFNetworkReachabilityManager.m */; };
		F779827718CB964C00640CAE /* AFSecurityPolicy.m in Sources */ = {isa = PBXBuildFile; fileRef = F779826A18CB964C00640CAE /* AFSecurityPolicy.m */; };
		F779827818CB964C00640CAE /* AFURLConnectionOperation.m in Sources */ = {isa = PBXBuildFile; fileRef = F779826C18CB964C00640CAE /* AFURLConnectionOperation.m */; };
		F779827918CB964C00640CAE /* AFURLRequestSerialization.m in Sources */ = {isa = PBXBuildFile; fileRef = F779826E18CB964C00640CAE /* AFURLRequestSerialization.m */; };
		F779827A18CB964C00640CAE /* AFURLResponseSerialization.m in Sources */ = {isa = PBXBuildFile; fileRef = F779827018CB964C00640CAE /* AFURLResponseSerialization.m */; };
		F779827B18CB964C00640CAE /* AFURLSessionManager.m in Sources */ = {isa = PBXBuildFile; fileRef = F779827218CB964C00640CAE /* AFURLSessionManager.m */; };
/* End PBXBuildFile section */

/* Begin PBXContainerItemProxy section */
		F779824D18CB95F100640CAE /* PBXContainerItemProxy */ = {
			isa = PBXContainerItemProxy;
			containerPortal = F779821F18CB95F100640CAE /* Project object */;
			proxyType = 1;
			remoteGlobalIDString = F779822618CB95F100640CAE;
			remoteInfo = "bepid-download";
		};
/* End PBXContainerItemProxy section */

/* Begin PBXFileReference section */
		F779822718CB95F100640CAE /* bepid-download.app */ = {isa = PBXFileReference; explicitFileType = wrapper.application; includeInIndex = 0; path = "bepid-download.app"; sourceTree = BUILT_PRODUCTS_DIR; };
		F779822A18CB95F100640CAE /* Foundation.framework */ = {isa = PBXFileReference; lastKnownFileType = wrapper.framework; name = Foundation.framework; path = System/Library/Frameworks/Foundation.framework; sourceTree = SDKROOT; };
		F779822C18CB95F100640CAE /* CoreGraphics.framework */ = {isa = PBXFileReference; lastKnownFileType = wrapper.framework; name = CoreGraphics.framework; path = System/Library/Frameworks/CoreGraphics.framework; sourceTree = SDKROOT; };
		F779822E18CB95F100640CAE /* UIKit.framework */ = {isa = PBXFileReference; lastKnownFileType = wrapper.framework; name = UIKit.framework; path = System/Library/Frameworks/UIKit.framework; sourceTree = SDKROOT; };
		F779823218CB95F100640CAE /* bepid-download-Info.plist */ = {isa = PBXFileReference; lastKnownFileType = text.plist.xml; path = "bepid-download-Info.plist"; sourceTree = "<group>"; };
		F779823418CB95F100640CAE /* en */ = {isa = PBXFileReference; lastKnownFileType = text.plist.strings; name = en; path = en.lproj/InfoPlist.strings; sourceTree = "<group>"; };
		F779823618CB95F100640CAE /* main.m */ = {isa = PBXFileReference; lastKnownFileType = sourcecode.c.objc; path = main.m; sourceTree = "<group>"; };
		F779823818CB95F100640CAE /* bepid-download-Prefix.pch */ = {isa = PBXFileReference; lastKnownFileType = sourcecode.c.h; path = "bepid-download-Prefix.pch"; sourceTree = "<group>"; };
		F779823918CB95F100640CAE /* AppDelegate.h */ = {isa = PBXFileReference; lastKnownFileType = sourcecode.c.h; path = AppDelegate.h; sourceTree = "<group>"; };
		F779823A18CB95F100640CAE /* AppDelegate.m */ = {isa = PBXFileReference; lastKnownFileType = sourcecode.c.objc; path = AppDelegate.m; sourceTree = "<group>"; };
		F779823D18CB95F100640CAE /* Base */ = {isa = PBXFileReference; lastKnownFileType = file.storyboard; name = Base; path = Base.lproj/Main.storyboard; sourceTree = "<group>"; };
		F779823F18CB95F100640CAE /* ViewController.h */ = {isa = PBXFileReference; lastKnownFileType = sourcecode.c.h; path = ViewController.h; sourceTree = "<group>"; };
		F779824018CB95F100640CAE /* ViewController.m */ = {isa = PBXFileReference; lastKnownFileType = sourcecode.c.objc; path = ViewController.m; sourceTree = "<group>"; };
		F779824218CB95F100640CAE /* Images.xcassets */ = {isa = PBXFileReference; lastKnownFileType = folder.assetcatalog; path = Images.xcassets; sourceTree = "<group>"; };
		F779824818CB95F100640CAE /* bepid-downloadTests.xctest */ = {isa = PBXFileReference; explicitFileType = wrapper.cfbundle; includeInIndex = 0; path = "bepid-downloadTests.xctest"; sourceTree = BUILT_PRODUCTS_DIR; };
		F779824918CB95F100640CAE /* XCTest.framework */ = {isa = PBXFileReference; lastKnownFileType = wrapper.framework; name = XCTest.framework; path = Library/Frameworks/XCTest.framework; sourceTree = DEVELOPER_DIR; };
		F779825118CB95F100640CAE /* bepid-downloadTests-Info.plist */ = {isa = PBXFileReference; lastKnownFileType = text.plist.xml; path = "bepid-downloadTests-Info.plist"; sourceTree = "<group>"; };
		F779825318CB95F100640CAE /* en */ = {isa = PBXFileReference; lastKnownFileType = text.plist.strings; name = en; path = en.lproj/InfoPlist.strings; sourceTree = "<group>"; };
		F779825518CB95F100640CAE /* bepid_downloadTests.m */ = {isa = PBXFileReference; lastKnownFileType = sourcecode.c.objc; path = bepid_downloadTests.m; sourceTree = "<group>"; };
		F779826018CB964C00640CAE /* AFHTTPRequestOperation.h */ = {isa = PBXFileReference; fileEncoding = 4; lastKnownFileType = sourcecode.c.h; path = AFHTTPRequestOperation.h; sourceTree = "<group>"; };
		F779826118CB964C00640CAE /* AFHTTPRequestOperation.m */ = {isa = PBXFileReference; fileEncoding = 4; lastKnownFileType = sourcecode.c.objc; path = AFHTTPRequestOperation.m; sourceTree = "<group>"; };
		F779826218CB964C00640CAE /* AFHTTPRequestOperationManager.h */ = {isa = PBXFileReference; fileEncoding = 4; lastKnownFileType = sourcecode.c.h; path = AFHTTPRequestOperationManager.h; sourceTree = "<group>"; };
		F779826318CB964C00640CAE /* AFHTTPRequestOperationManager.m */ = {isa = PBXFileReference; fileEncoding = 4; lastKnownFileType = sourcecode.c.objc; path = AFHTTPRequestOperationManager.m; sourceTree = "<group>"; };
		F779826418CB964C00640CAE /* AFHTTPSessionManager.h */ = {isa = PBXFileReference; fileEncoding = 4; lastKnownFileType = sourcecode.c.h; path = AFHTTPSessionManager.h; sourceTree = "<group>"; };
		F779826518CB964C00640CAE /* AFHTTPSessionManager.m */ = {isa = PBXFileReference; fileEncoding = 4; lastKnownFileType = sourcecode.c.objc; path = AFHTTPSessionManager.m; sourceTree = "<group>"; };
		F779826618CB964C00640CAE /* AFNetworking.h */ = {isa = PBXFileReference; fileEncoding = 4; lastKnownFileType = sourcecode.c.h; path = AFNetworking.h; sourceTree = "<group>"; };
		F779826718CB964C00640CAE /* AFNetworkReachabilityManager.h */ = {isa = PBXFileReference; fileEncoding = 4; lastKnownFileType = sourcecode.c.h; path = AFNetworkReachabilityManager.h; sourceTree = "<group>"; };
		F779826818CB964C00640CAE /* AFNetworkReachabilityManager.m */ = {isa = PBXFileReference; fileEncoding = 4; lastKnownFileType = sourcecode.c.objc; path = AFNetworkReachabilityManager.m; sourceTree = "<group>"; };
		F779826918CB964C00640CAE /* AFSecurityPolicy.h */ = {isa = PBXFileReference; fileEncoding = 4; lastKnownFileType = sourcecode.c.h; path = AFSecurityPolicy.h; sourceTree = "<group>"; };
		F779826A18CB964C00640CAE /* AFSecurityPolicy.m */ = {isa = PBXFileReference; fileEncoding = 4; lastKnownFileType = sourcecode.c.objc; path = AFSecurityPolicy.m; sourceTree = "<group>"; };
		F779826B18CB964C00640CAE /* AFURLConnectionOperation.h */ = {isa = PBXFileReference; fileEncoding = 4; lastKnownFileType = sourcecode.c.h; path = AFURLConnectionOperation.h; sourceTree = "<group>"; };
		F779826C18CB964C00640CAE /* AFURLConnectionOperation.m */ = {isa = PBXFileReference; fileEncoding = 4; lastKnownFileType = sourcecode.c.objc; path = AFURLConnectionOperation.m; sourceTree = "<group>"; };
		F779826D18CB964C00640CAE /* AFURLRequestSerialization.h */ = {isa = PBXFileReference; fileEncoding = 4; lastKnownFileType = sourcecode.c.h; path = AFURLRequestSerialization.h; sourceTree = "<group>"; };
		F779826E18CB964C00640CAE /* AFURLRequestSerialization.m */ = {isa = PBXFileReference; fileEncoding = 4; lastKnownFileType = sourcecode.c.objc; path = AFURLRequestSerialization.m; sourceTree = "<group>"; };
		F779826F18CB964C00640CAE /* AFURLResponseSerialization.h */ = {isa = PBXFileReference; fileEncoding = 4; lastKnownFileType = sourcecode.c.h; path = AFURLResponseSerialization.h; sourceTree = "<group>"; };
		F779827018CB964C00640CAE /* AFURLResponseSerialization.m */ = {isa = PBXFileReference; fileEncoding = 4; lastKnownFileType = sourcecode.c.objc; path = AFURLResponseSerialization.m; sourceTree = "<group>"; };
		F779827118CB964C00640CAE /* AFURLSessionManager.h */ = {isa = PBXFileReference; fileEncoding = 4; lastKnownFileType = sourcecode.c.h; path = AFURLSessionManager.h; sourceTree = "<group>"; };
		F779827218CB964C00640CAE /* AFURLSessionManager.m */ = {isa = PBXFileReference; fileEncoding = 4; lastKnownFileType = sourcecode.c.objc; path = AFURLSessionManager.m; sourceTree = "<group>"; };
/* End PBXFileReference section */

/* Begin PBXFrameworksBuildPhase section */
		F779822418CB95F100640CAE /* Frameworks */ = {
			isa = PBXFrameworksBuildPhase;
			buildActionMask = 2147483647;
			files = (
				F779822D18CB95F100640CAE /* CoreGraphics.framework in Frameworks */,
				F779822F18CB95F100640CAE /* UIKit.framework in Frameworks */,
				F779822B18CB95F100640CAE /* Foundation.framework in Frameworks */,
			);
			runOnlyForDeploymentPostprocessing = 0;
		};
		F779824518CB95F100640CAE /* Frameworks */ = {
			isa = PBXFrameworksBuildPhase;
			buildActionMask = 2147483647;
			files = (
				F779824A18CB95F100640CAE /* XCTest.framework in Frameworks */,
				F779824C18CB95F100640CAE /* UIKit.framework in Frameworks */,
				F779824B18CB95F100640CAE /* Foundation.framework in Frameworks */,
			);
			runOnlyForDeploymentPostprocessing = 0;
		};
/* End PBXFrameworksBuildPhase section */

/* Begin PBXGroup section */
		F779821E18CB95F100640CAE = {
			isa = PBXGroup;
			children = (
				F779825F18CB964C00640CAE /* AFNetworking */,
				F779823018CB95F100640CAE /* bepid-download */,
				F779824F18CB95F100640CAE /* bepid-downloadTests */,
				F779822918CB95F100640CAE /* Frameworks */,
				F779822818CB95F100640CAE /* Products */,
			);
			sourceTree = "<group>";
		};
		F779822818CB95F100640CAE /* Products */ = {
			isa = PBXGroup;
			children = (
				F779822718CB95F100640CAE /* bepid-download.app */,
				F779824818CB95F100640CAE /* bepid-downloadTests.xctest */,
			);
			name = Products;
			sourceTree = "<group>";
		};
		F779822918CB95F100640CAE /* Frameworks */ = {
			isa = PBXGroup;
			children = (
				F779822A18CB95F100640CAE /* Foundation.framework */,
				F779822C18CB95F100640CAE /* CoreGraphics.framework */,
				F779822E18CB95F100640CAE /* UIKit.framework */,
				F779824918CB95F100640CAE /* XCTest.framework */,
			);
			name = Frameworks;
			sourceTree = "<group>";
		};
		F779823018CB95F100640CAE /* bepid-download */ = {
			isa = PBXGroup;
			children = (
				F779823918CB95F100640CAE /* AppDelegate.h */,
				F779823A18CB95F100640CAE /* AppDelegate.m */,
				F779823C18CB95F100640CAE /* Main.storyboard */,
				F779823F18CB95F100640CAE /* ViewController.h */,
				F779824018CB95F100640CAE /* ViewController.m */,
				F779824218CB95F100640CAE /* Images.xcassets */,
				F779823118CB95F100640CAE /* Supporting Files */,
			);
			path = "bepid-download";
			sourceTree = "<group>";
		};
		F779823118CB95F100640CAE /* Supporting Files */ = {
			isa = PBXGroup;
			children = (
				F779823218CB95F100640CAE /* bepid-download-Info.plist */,
				F779823318CB95F100640CAE /* InfoPlist.strings */,
				F779823618CB95F100640CAE /* main.m */,
				F779823818CB95F100640CAE /* bepid-download-Prefix.pch */,
			);
			name = "Supporting Files";
			sourceTree = "<group>";
		};
		F779824F18CB95F100640CAE /* bepid-downloadTests */ = {
			isa = PBXGroup;
			children = (
				F779825518CB95F100640CAE /* bepid_downloadTests.m */,
				F779825018CB95F100640CAE /* Supporting Files */,
			);
			path = "bepid-downloadTests";
			sourceTree = "<group>";
		};
		F779825018CB95F100640CAE /* Supporting Files */ = {
			isa = PBXGroup;
			children = (
				F779825118CB95F100640CAE /* bepid-downloadTests-Info.plist */,
				F779825218CB95F100640CAE /* InfoPlist.strings */,
			);
			name = "Supporting Files";
			sourceTree = "<group>";
		};
		F779825F18CB964C00640CAE /* AFNetworking */ = {
			isa = PBXGroup;
			children = (
				F779826018CB964C00640CAE /* AFHTTPRequestOperation.h */,
				F779826118CB964C00640CAE /* AFHTTPRequestOperation.m */,
				F779826218CB964C00640CAE /* AFHTTPRequestOperationManager.h */,
				F779826318CB964C00640CAE /* AFHTTPRequestOperationManager.m */,
				F779826418CB964C00640CAE /* AFHTTPSessionManager.h */,
				F779826518CB964C00640CAE /* AFHTTPSessionManager.m */,
				F779826618CB964C00640CAE /* AFNetworking.h */,
				F779826718CB964C00640CAE /* AFNetworkReachabilityManager.h */,
				F779826818CB964C00640CAE /* AFNetworkReachabilityManager.m */,
				F779826918CB964C00640CAE /* AFSecurityPolicy.h */,
				F779826A18CB964C00640CAE /* AFSecurityPolicy.m */,
				F779826B18CB964C00640CAE /* AFURLConnectionOperation.h */,
				F779826C18CB964C00640CAE /* AFURLConnectionOperation.m */,
				F779826D18CB964C00640CAE /* AFURLRequestSerialization.h */,
				F779826E18CB964C00640CAE /* AFURLRequestSerialization.m */,
				F779826F18CB964C00640CAE /* AFURLResponseSerialization.h */,
				F779827018CB964C00640CAE /* AFURLResponseSerialization.m */,
				F779827118CB964C00640CAE /* AFURLSessionManager.h */,
				F779827218CB964C00640CAE /* AFURLSessionManager.m */,
			);
			name = AFNetworking;
			path = "bepid-download/AFNetworking";
			sourceTree = "<group>";
		};
/* End PBXGroup section */

/* Begin PBXNativeTarget section */
		F779822618CB95F100640CAE /* bepid-download */ = {
			isa = PBXNativeTarget;
			buildConfigurationList = F779825918CB95F100640CAE /* Build configuration list for PBXNativeTarget "bepid-download" */;
			buildPhases = (
				F779822318CB95F100640CAE /* Sources */,
				F779822418CB95F100640CAE /* Frameworks */,
				F779822518CB95F100640CAE /* Resources */,
			);
			buildRules = (
			);
			dependencies = (
			);
			name = "bepid-download";
			productName = "bepid-download";
			productReference = F779822718CB95F100640CAE /* bepid-download.app */;
			productType = "com.apple.product-type.application";
		};
		F779824718CB95F100640CAE /* bepid-downloadTests */ = {
			isa = PBXNativeTarget;
			buildConfigurationList = F779825C18CB95F100640CAE /* Build configuration list for PBXNativeTarget "bepid-downloadTests" */;
			buildPhases = (
				F779824418CB95F100640CAE /* Sources */,
				F779824518CB95F100640CAE /* Frameworks */,
				F779824618CB95F100640CAE /* Resources */,
			);
			buildRules = (
			);
			dependencies = (
				F779824E18CB95F100640CAE /* PBXTargetDependency */,
			);
			name = "bepid-downloadTests";
			productName = "bepid-downloadTests";
			productReference = F779824818CB95F100640CAE /* bepid-downloadTests.xctest */;
			productType = "com.apple.product-type.bundle.unit-test";
		};
/* End PBXNativeTarget section */

/* Begin PBXProject section */
		F779821F18CB95F100640CAE /* Project object */ = {
			isa = PBXProject;
			attributes = {
				LastUpgradeCheck = 0500;
				ORGANIZATIONNAME = "Ezequiel Franca dos Santos";
				TargetAttributes = {
					F779824718CB95F100640CAE = {
						TestTargetID = F779822618CB95F100640CAE;
					};
				};
			};
			buildConfigurationList = F779822218CB95F100640CAE /* Build configuration list for PBXProject "bepid-download" */;
			compatibilityVersion = "Xcode 3.2";
			developmentRegion = English;
			hasScannedForEncodings = 0;
			knownRegions = (
				en,
				Base,
			);
			mainGroup = F779821E18CB95F100640CAE;
			productRefGroup = F779822818CB95F100640CAE /* Products */;
			projectDirPath = "";
			projectRoot = "";
			targets = (
				F779822618CB95F100640CAE /* bepid-download */,
				F779824718CB95F100640CAE /* bepid-downloadTests */,
			);
		};
/* End PBXProject section */

/* Begin PBXResourcesBuildPhase section */
		F779822518CB95F100640CAE /* Resources */ = {
			isa = PBXResourcesBuildPhase;
			buildActionMask = 2147483647;
			files = (
				F779824318CB95F100640CAE /* Images.xcassets in Resources */,
				F779823518CB95F100640CAE /* InfoPlist.strings in Resources */,
				F779823E18CB95F100640CAE /* Main.storyboard in Resources */,
			);
			runOnlyForDeploymentPostprocessing = 0;
		};
		F779824618CB95F100640CAE /* Resources */ = {
			isa = PBXResourcesBuildPhase;
			buildActionMask = 2147483647;
			files = (
				F779825418CB95F100640CAE /* InfoPlist.strings in Resources */,
			);
			runOnlyForDeploymentPostprocessing = 0;
		};
/* End PBXResourcesBuildPhase section */

/* Begin PBXSourcesBuildPhase section */
		F779822318CB95F100640CAE /* Sources */ = {
			isa = PBXSourcesBuildPhase;
			buildActionMask = 2147483647;
			files = (
				F779827318CB964C00640CAE /* AFHTTPRequestOperation.m in Sources */,
				F779824118CB95F100640CAE /* ViewController.m in Sources */,
				F779827418CB964C00640CAE /* AFHTTPRequestOperationManager.m in Sources */,
				F779827618CB964C00640CAE /* AFNetworkReachabilityManager.m in Sources */,
				F779827A18CB964C00640CAE /* AFURLResponseSerialization.m in Sources */,
				F779827818CB964C00640CAE /* AFURLConnectionOperation.m in Sources */,
				F779827718CB964C00640CAE /* AFSecurityPolicy.m in Sources */,
				F779827518CB964C00640CAE /* AFHTTPSessionManager.m in Sources */,
				F779827918CB964C00640CAE /* AFURLRequestSerialization.m in Sources */,
				F779827B18CB964C00640CAE /* AFURLSessionManager.m in Sources */,
				F779823B18CB95F100640CAE /* AppDelegate.m in Sources */,
				F779823718CB95F100640CAE /* main.m in Sources */,
			);
			runOnlyForDeploymentPostprocessing = 0;
		};
		F779824418CB95F100640CAE /* Sources */ = {
			isa = PBXSourcesBuildPhase;
			buildActionMask = 2147483647;
			files = (
				F779825618CB95F100640CAE /* bepid_downloadTests.m in Sources */,
			);
			runOnlyForDeploymentPostprocessing = 0;
		};
/* End PBXSourcesBuildPhase section */

/* Begin PBXTargetDependency section */
		F779824E18CB95F100640CAE /* PBXTargetDependency */ = {
			isa = PBXTargetDependency;
			target = F779822618CB95F100640CAE /* bepid-download */;
			targetProxy = F779824D18CB95F100640CAE /* PBXContainerItemProxy */;
		};
/* End PBXTargetDependency section */

/* Begin PBXVariantGroup section */
		F779823318CB95F100640CAE /* InfoPlist.strings */ = {
			isa = PBXVariantGroup;
			children = (
				F779823418CB95F100640CAE /* en */,
			);
			name = InfoPlist.strings;
			sourceTree = "<group>";
		};
		F779823C18CB95F100640CAE /* Main.storyboard */ = {
			isa = PBXVariantGroup;
			children = (
				F779823D18CB95F100640CAE /* Base */,
			);
			name = Main.storyboard;
			sourceTree = "<group>";
		};
		F779825218CB95F100640CAE /* InfoPlist.strings */ = {
			isa = PBXVariantGroup;
			children = (
				F779825318CB95F100640CAE /* en */,
			);
			name = InfoPlist.strings;
			sourceTree = "<group>";
		};
/* End PBXVariantGroup section */

/* Begin XCBuildConfiguration section */
		F779825718CB95F100640CAE /* Debug */ = {
			isa = XCBuildConfiguration;
			buildSettings = {
				ALWAYS_SEARCH_USER_PATHS = NO;
				ARCHS = "$(ARCHS_STANDARD_INCLUDING_64_BIT)";
				CLANG_CXX_LANGUAGE_STANDARD = "gnu++0x";
				CLANG_CXX_LIBRARY = "libc++";
				CLANG_ENABLE_MODULES = YES;
				CLANG_ENABLE_OBJC_ARC = YES;
				CLANG_WARN_BOOL_CONVERSION = YES;
				CLANG_WARN_CONSTANT_CONVERSION = YES;
				CLANG_WARN_DIRECT_OBJC_ISA_USAGE = YES_ERROR;
				CLANG_WARN_EMPTY_BODY = YES;
				CLANG_WARN_ENUM_CONVERSION = YES;
				CLANG_WARN_INT_CONVERSION = YES;
				CLANG_WARN_OBJC_ROOT_CLASS = YES_ERROR;
				CLANG_WARN__DUPLICATE_METHOD_MATCH = YES;
				"CODE_SIGN_IDENTITY[sdk=iphoneos*]" = "iPhone Developer";
				COPY_PHASE_STRIP = NO;
				GCC_C_LANGUAGE_STANDARD = gnu99;
				GCC_DYNAMIC_NO_PIC = NO;
				GCC_OPTIMIZATION_LEVEL = 0;
				GCC_PREPROCESSOR_DEFINITIONS = (
					"DEBUG=1",
					"$(inherited)",
				);
				GCC_SYMBOLS_PRIVATE_EXTERN = NO;
				GCC_WARN_64_TO_32_BIT_CONVERSION = YES;
				GCC_WARN_ABOUT_RETURN_TYPE = YES_ERROR;
				GCC_WARN_UNDECLARED_SELECTOR = YES;
				GCC_WARN_UNINITIALIZED_AUTOS = YES;
				GCC_WARN_UNUSED_FUNCTION = YES;
				GCC_WARN_UNUSED_VARIABLE = YES;
				IPHONEOS_DEPLOYMENT_TARGET = 7.0;
				ONLY_ACTIVE_ARCH = YES;
				SDKROOT = iphoneos;
			};
			name = Debug;
		};
		F779825818CB95F100640CAE /* Release */ = {
			isa = XCBuildConfiguration;
			buildSettings = {
				ALWAYS_SEARCH_USER_PATHS = NO;
				ARCHS = "$(ARCHS_STANDARD_INCLUDING_64_BIT)";
				CLANG_CXX_LANGUAGE_STANDARD = "gnu++0x";
				CLANG_CXX_LIBRARY = "libc++";
				CLANG_ENABLE_MODULES = YES;
				CLANG_ENABLE_OBJC_ARC = YES;
				CLANG_WARN_BOOL_CONVERSION = YES;
				CLANG_WARN_CONSTANT_CONVERSION = YES;
				CLANG_WARN_DIRECT_OBJC_ISA_USAGE = YES_ERROR;
				CLANG_WARN_EMPTY_BODY = YES;
				CLANG_WARN_ENUM_CONVERSION = YES;
				CLANG_WARN_INT_CONVERSION = YES;
				CLANG_WARN_OBJC_ROOT_CLASS = YES_ERROR;
				CLANG_WARN__DUPLICATE_METHOD_MATCH = YES;
				"CODE_SIGN_IDENTITY[sdk=iphoneos*]" = "iPhone Developer";
				COPY_PHASE_STRIP = YES;
				ENABLE_NS_ASSERTIONS = NO;
				GCC_C_LANGUAGE_STANDARD = gnu99;
				GCC_WARN_64_TO_32_BIT_CONVERSION = YES;
				GCC_WARN_ABOUT_RETURN_TYPE = YES_ERROR;
				GCC_WARN_UNDECLARED_SELECTOR = YES;
				GCC_WARN_UNINITIALIZED_AUTOS = YES;
				GCC_WARN_UNUSED_FUNCTION = YES;
				GCC_WARN_UNUSED_VARIABLE = YES;
				IPHONEOS_DEPLOYMENT_TARGET = 7.0;
				SDKROOT = iphoneos;
				VALIDATE_PRODUCT = YES;
			};
			name = Release;
		};
		F779825A18CB95F100640CAE /* Debug */ = {
			isa = XCBuildConfiguration;
			buildSettings = {
				ASSETCATALOG_COMPILER_APPICON_NAME = AppIcon;
				ASSETCATALOG_COMPILER_LAUNCHIMAGE_NAME = LaunchImage;
				GCC_PRECOMPILE_PREFIX_HEADER = YES;
				GCC_PREFIX_HEADER = "bepid-download/bepid-download-Prefix.pch";
				INFOPLIST_FILE = "bepid-download/bepid-download-Info.plist";
				PRODUCT_NAME = "$(TARGET_NAME)";
				WRAPPER_EXTENSION = app;
			};
			name = Debug;
		};
		F779825B18CB95F100640CAE /* Release */ = {
			isa = XCBuildConfiguration;
			buildSettings = {
				ASSETCATALOG_COMPILER_APPICON_NAME = AppIcon;
				ASSETCATALOG_COMPILER_LAUNCHIMAGE_NAME = LaunchImage;
				GCC_PRECOMPILE_PREFIX_HEADER = YES;
				GCC_PREFIX_HEADER = "bepid-download/bepid-download-Prefix.pch";
				INFOPLIST_FILE = "bepid-download/bepid-download-Info.plist";
				PRODUCT_NAME = "$(TARGET_NAME)";
				WRAPPER_EXTENSION = app;
			};
			name = Release;
		};
		F779825D18CB95F100640CAE /* Debug */ = {
			isa = XCBuildConfiguration;
			buildSettings = {
				ARCHS = "$(ARCHS_STANDARD_INCLUDING_64_BIT)";
				BUNDLE_LOADER = "$(BUILT_PRODUCTS_DIR)/bepid-download.app/bepid-download";
				FRAMEWORK_SEARCH_PATHS = (
					"$(SDKROOT)/Developer/Library/Frameworks",
					"$(inherited)",
					"$(DEVELOPER_FRAMEWORKS_DIR)",
				);
				GCC_PRECOMPILE_PREFIX_HEADER = YES;
				GCC_PREFIX_HEADER = "bepid-download/bepid-download-Prefix.pch";
				GCC_PREPROCESSOR_DEFINITIONS = (
					"DEBUG=1",
					"$(inherited)",
				);
				INFOPLIST_FILE = "bepid-downloadTests/bepid-downloadTests-Info.plist";
				PRODUCT_NAME = "$(TARGET_NAME)";
				TEST_HOST = "$(BUNDLE_LOADER)";
				WRAPPER_EXTENSION = xctest;
			};
			name = Debug;
		};
		F779825E18CB95F100640CAE /* Release */ = {
			isa = XCBuildConfiguration;
			buildSettings = {
				ARCHS = "$(ARCHS_STANDARD_INCLUDING_64_BIT)";
				BUNDLE_LOADER = "$(BUILT_PRODUCTS_DIR)/bepid-download.app/bepid-download";
				FRAMEWORK_SEARCH_PATHS = (
					"$(SDKROOT)/Developer/Library/Frameworks",
					"$(inherited)",
					"$(DEVELOPER_FRAMEWORKS_DIR)",
				);
				GCC_PRECOMPILE_PREFIX_HEADER = YES;
				GCC_PREFIX_HEADER = "bepid-download/bepid-download-Prefix.pch";
				INFOPLIST_FILE = "bepid-downloadTests/bepid-downloadTests-Info.plist";
				PRODUCT_NAME = "$(TARGET_NAME)";
				TEST_HOST = "$(BUNDLE_LOADER)";
				WRAPPER_EXTENSION = xctest;
			};
			name = Release;
		};
/* End XCBuildConfiguration section */

/* Begin XCConfigurationList section */
		F779822218CB95F100640CAE /* Build configuration list for PBXProject "bepid-download" */ = {
			isa = XCConfigurationList;
			buildConfigurations = (
				F779825718CB95F100640CAE /* Debug */,
				F779825818CB95F100640CAE /* Release */,
			);
			defaultConfigurationIsVisible = 0;
			defaultConfigurationName = Release;
		};
		F779825918CB95F100640CAE /* Build configuration list for PBXNativeTarget "bepid-download" */ = {
			isa = XCConfigurationList;
			buildConfigurations = (
				F779825A18CB95F100640CAE /* Debug */,
				F779825B18CB95F100640CAE /* Release */,
			);
			defaultConfigurationIsVisible = 0;
		};
		F779825C18CB95F100640CAE /* Build configuration list for PBXNativeTarget "bepid-downloadTests" */ = {
			isa = XCConfigurationList;
			buildConfigurations = (
				F779825D18CB95F100640CAE /* Debug */,
				F779825E18CB95F100640CAE /* Release */,
			);
			defaultConfigurationIsVisible = 0;
		};
/* End XCConfigurationList section */
	};
	rootObject = F779821F18CB95F100640CAE /* Project object */;
}
